
Microsoft Visual Studio Solution File, Format Version 12.00
# Visual Studio 15
VisualStudioVersion = 15.0.26730.12
MinimumVisualStudioVersion = 10.0.40219.1
Project("{FAE04EC0-301F-11D3-BF4B-00C04F79EFBC}") = "FactoryAssembly", "FactoryAssembly.csproj", "{E2494D1E-E8B4-4AD7-8A19-51398297C68C}"
EndProject
Global
	GlobalSection(SolutionConfigurationPlatforms) = preSolution
		Debug|Any CPU = Debug|Any CPU
		Release|Any CPU = Release|Any CPU
	EndGlobalSection
	GlobalSection(ProjectConfigurationPlatforms) = postSolution
		{E2494D1E-E8B4-4AD7-8A19-51398297C68C}.Debug|Any CPU.ActiveCfg = Debug|Any CPU
		{E2494D1E-E8B4-4AD7-8A19-51398297C68C}.Debug|Any CPU.Build.0 = Debug|Any CPU
		{E2494D1E-E8B4-4AD7-8A19-51398297C68C}.Release|Any CPU.ActiveCfg = Release|Any CPU
		{E2494D1E-E8B4-4AD7-8A19-51398297C68C}.Release|Any CPU.Build.0 = Release|Any CPU
	EndGlobalSection
	GlobalSection(SolutionProperties) = preSolution
		HideSolutionNode = FALSE
	EndGlobalSection
	GlobalSection(ExtensibilityGlobals) = postSolution
		SolutionGuid = {74C4F09C-25B6-4E29-873D-12A60282CF9D}
	EndGlobalSection
EndGlobal
